{
  "name": "local-chain",
  "version": "0.1.0",
  "lockfileVersion": 3,
  "requires": true,
  "packages": {
    "": {
      "name": "local-chain",
      "version": "0.1.0",
      "license": "MIT",
      "workspaces": [
        "packages/*"
      ],
      "engines": {
        "node": ">=22.5.0"
      }
    },
    "node_modules/@local-chain/anchor": {
      "resolved": "packages/anchor",
      "link": true
    },
    "node_modules/@local-chain/core": {
      "resolved": "packages/core",
      "link": true
    },
    "node_modules/@local-chain/sdk": {
      "resolved": "packages/sdk",
      "link": true
    },
    "node_modules/@local-chain/store": {
      "resolved": "packages/store",
      "link": true
    },
    "packages/anchor": {
      "name": "@local-chain/anchor",
      "version": "0.1.0",
      "license": "MIT"
    },
    "packages/core": {
      "name": "@local-chain/core",
      "version": "0.1.0",
      "license": "MIT"
    },
    "packages/sdk": {
      "name": "@local-chain/sdk",
      "version": "0.1.0",
      "license": "MIT"
    },
    "packages/store": {
      "name": "@local-chain/store",
      "version": "0.1.0",
      "license": "MIT"
    }
  }
}
